
Microsoft Visual Studio Solution File, Format Version 12.00
# Visual Studio Version 17
VisualStudioVersion = 17.8.34309.116
MinimumVisualStudioVersion = 10.0.40219.1
Project("{9A19103F-16F7-4668-BE54-9A1E7A4F7556}") = "AzureIoTHub_D2C", "AzureIoTHub_D2C.csproj", "{AEA4F1E4-EF91-44AA-B876-487ECDA6DC5F}"
EndProject
Global
	GlobalSection(SolutionConfigurationPlatforms) = preSolution
		Debug|Any CPU = Debug|Any CPU
		Release|Any CPU = Release|Any CPU
	EndGlobalSection
	GlobalSection(ProjectConfigurationPlatforms) = postSolution
		{AEA4F1E4-EF91-44AA-B876-487ECDA6DC5F}.Debug|Any CPU.ActiveCfg = Debug|Any CPU
		{AEA4F1E4-EF91-44AA-B876-487ECDA6DC5F}.Debug|Any CPU.Build.0 = Debug|Any CPU
		{AEA4F1E4-EF91-44AA-B876-487ECDA6DC5F}.Release|Any CPU.ActiveCfg = Release|Any CPU
		{AEA4F1E4-EF91-44AA-B876-487ECDA6DC5F}.Release|Any CPU.Build.0 = Release|Any CPU
	EndGlobalSection
	GlobalSection(SolutionProperties) = preSolution
		HideSolutionNode = FALSE
	EndGlobalSection
	GlobalSection(ExtensibilityGlobals) = postSolution
		SolutionGuid = {6CC8FBE0-9A5F-4BF9-9718-6CCB6C3D83E8}
	EndGlobalSection
EndGlobal
